dependencies:
- name: centrifugo
  repository: https://centrifugal.github.io/helm-charts
  version: 7.4.0
- name: postgresql
  repository: https://charts.bitnami.com/bitnami
  version: 12.1.3
- name: redis
  repository: https://charts.bitnami.com/bitnami
  version: 17.3.6
- name: YAUHC
  repository: https://gitlab.com/api/v4/projects/40345586/packages/helm/stable
  version: 0.1.9
digest: sha256:aa4610033f88728d8ad9e120dd2f84ceffa03525f7767e8a2e0e6b932386765e
generated: "2022-12-14T19:53:00.009050764+04:00"
